
Microsoft Visual Studio Solution File, Format Version 12.00
# Visual Studio Version 16
VisualStudioVersion = 16.0.30804.86
MinimumVisualStudioVersion = 10.0.40219.1
Project("{9A19103F-16F7-4668-BE54-9A1E7A4F7556}") = "SerilogCustom", "SerilogCustom\SerilogCustom.csproj", "{9E8973DF-3E60-460E-B63E-8D8F5C7BD3ED}"
EndProject
Project("{FAE04EC0-301F-11D3-BF4B-00C04F79EFBC}") = "Serilog.Services", "Serilog.Services\Serilog.Services.csproj", "{566373DA-EB64-401E-BDA0-FD3DC8A6D170}"
EndProject
Global
	GlobalSection(SolutionConfigurationPlatforms) = preSolution
		Debug|Any CPU = Debug|Any CPU
		Release|Any CPU = Release|Any CPU
	EndGlobalSection
	GlobalSection(ProjectConfigurationPlatforms) = postSolution
		{9E8973DF-3E60-460E-B63E-8D8F5C7BD3ED}.Debug|Any CPU.ActiveCfg = Debug|Any CPU
		{9E8973DF-3E60-460E-B63E-8D8F5C7BD3ED}.Debug|Any CPU.Build.0 = Debug|Any CPU
		{9E8973DF-3E60-460E-B63E-8D8F5C7BD3ED}.Release|Any CPU.ActiveCfg = Release|Any CPU
		{9E8973DF-3E60-460E-B63E-8D8F5C7BD3ED}.Release|Any CPU.Build.0 = Release|Any CPU
		{566373DA-EB64-401E-BDA0-FD3DC8A6D170}.Debug|Any CPU.ActiveCfg = Debug|Any CPU
		{566373DA-EB64-401E-BDA0-FD3DC8A6D170}.Debug|Any CPU.Build.0 = Debug|Any CPU
		{566373DA-EB64-401E-BDA0-FD3DC8A6D170}.Release|Any CPU.ActiveCfg = Release|Any CPU
		{566373DA-EB64-401E-BDA0-FD3DC8A6D170}.Release|Any CPU.Build.0 = Release|Any CPU
	EndGlobalSection
	GlobalSection(SolutionProperties) = preSolution
		HideSolutionNode = FALSE
	EndGlobalSection
	GlobalSection(ExtensibilityGlobals) = postSolution
		SolutionGuid = {F09B65BE-2881-42D8-9959-A66628D500FB}
	EndGlobalSection
EndGlobal
